{
  "name": "xui-handbook",
  "lockfileVersion": 3,
  "requires": true,
  "packages": {
    "": {
      "name": "xui-handbook",
      "devDependencies": {
        "retypeapp": "4.6.0"
      }
    },
    "node_modules/retypeapp": {
      "version": "4.6.0",
      "resolved": "https://registry.npmjs.org/retypeapp/-/retypeapp-4.6.0.tgz",
      "integrity": "sha1-59oeZCYzb0U+FNDSpBGfZ/GhXF0=",
      "dev": true,
      "license": "See LICENSE IN LICENSE",
      "bin": {
        "retype": "retype.js"
      },
      "optionalDependencies": {
        "retypeapp-darwin-arm64": "4.6.0",
        "retypeapp-darwin-x64": "4.6.0",
        "retypeapp-linux-arm64": "4.6.0",
        "retypeapp-linux-x64": "4.6.0",
        "retypeapp-win-x64": "4.6.0",
        "retypeapp-win-x86": "4.6.0"
      }
    },
    "node_modules/retypeapp-darwin-arm64": {
      "version": "4.6.0",
      "resolved": "https://registry.npmjs.org/retypeapp-darwin-arm64/-/retypeapp-darwin-arm64-4.6.0.tgz",
      "integrity": "sha1-PqbYTIpEFzGvVkfaxx2GsE/g51o=",
      "cpu": [
        "arm64"
      ],
      "dev": true,
      "license": "See LICENSE IN LICENSE",
      "optional": true,
      "os": [
        "darwin"
      ],
      "bin": {
        "retype": "retype.js"
      }
    },
    "node_modules/retypeapp-darwin-x64": {
      "version": "4.6.0",
      "resolved": "https://registry.npmjs.org/retypeapp-darwin-x64/-/retypeapp-darwin-x64-4.6.0.tgz",
      "integrity": "sha1-V7lzdAVtMo0dzyntWsCXBLvmyrk=",
      "cpu": [
        "x64"
      ],
      "dev": true,
      "license": "See LICENSE IN LICENSE",
      "optional": true,
      "os": [
        "darwin"
      ],
      "bin": {
        "retype": "retype.js"
      }
    },
    "node_modules/retypeapp-linux-arm64": {
      "version": "4.6.0",
      "resolved": "https://registry.npmjs.org/retypeapp-linux-arm64/-/retypeapp-linux-arm64-4.6.0.tgz",
      "integrity": "sha1-V0S4igHkV1MBjJwTXRWrDFVe6rc=",
      "cpu": [
        "arm64"
      ],
      "dev": true,
      "license": "See LICENSE IN LICENSE",
      "optional": true,
      "os": [
        "linux"
      ],
      "bin": {
        "retype": "retype.js"
      }
    },
    "node_modules/retypeapp-linux-x64": {
      "version": "4.6.0",
      "resolved": "https://registry.npmjs.org/retypeapp-linux-x64/-/retypeapp-linux-x64-4.6.0.tgz",
      "integrity": "sha1-Rw40Ah5GyiDo6OKNtvCUrRwGWsA=",
      "cpu": [
        "x64"
      ],
      "dev": true,
      "license": "See LICENSE IN LICENSE",
      "optional": true,
      "os": [
        "linux"
      ],
      "bin": {
        "retype": "retype.js"
      }
    },
    "node_modules/retypeapp-win-x64": {
      "version": "4.6.0",
      "resolved": "https://registry.npmjs.org/retypeapp-win-x64/-/retypeapp-win-x64-4.6.0.tgz",
      "integrity": "sha1-HUmru8/Ojgvic+n8dbmm44i9COI=",
      "cpu": [
        "x64"
      ],
      "dev": true,
      "license": "See LICENSE IN LICENSE",
      "optional": true,
      "os": [
        "win32"
      ],
      "bin": {
        "retype": "retype.js"
      }
    },
    "node_modules/retypeapp-win-x86": {
      "version": "4.6.0",
      "resolved": "https://registry.npmjs.org/retypeapp-win-x86/-/retypeapp-win-x86-4.6.0.tgz",
      "integrity": "sha1-wiMWhHh7Ks0U2OTXme3Fmd6W/Bg=",
      "cpu": [
        "ia32"
      ],
      "dev": true,
      "license": "See LICENSE IN LICENSE",
      "optional": true,
      "os": [
        "win32"
      ],
      "bin": {
        "retype": "retype.js"
      }
    }
  }
}
